
Microsoft Visual Studio Solution File, Format Version 12.00
# Visual Studio 15
VisualStudioVersion = 15.0.28010.2003
MinimumVisualStudioVersion = 10.0.40219.1
Project("{6EC3EE1D-3C4E-46DD-8F32-0CC8E7565705}") = "FSharp", "FSharp\FSharp.fsproj", "{F2B9EA05-1952-4B3A-B07D-A6F79762606A}"
EndProject
Global
	GlobalSection(SolutionConfigurationPlatforms) = preSolution
		Debug|Any CPU = Debug|Any CPU
		Release|Any CPU = Release|Any CPU
	EndGlobalSection
	GlobalSection(ProjectConfigurationPlatforms) = postSolution
		{F2B9EA05-1952-4B3A-B07D-A6F79762606A}.Debug|Any CPU.ActiveCfg = Debug|Any CPU
		{F2B9EA05-1952-4B3A-B07D-A6F79762606A}.Debug|Any CPU.Build.0 = Debug|Any CPU
		{F2B9EA05-1952-4B3A-B07D-A6F79762606A}.Release|Any CPU.ActiveCfg = Release|Any CPU
		{F2B9EA05-1952-4B3A-B07D-A6F79762606A}.Release|Any CPU.Build.0 = Release|Any CPU
	EndGlobalSection
	GlobalSection(SolutionProperties) = preSolution
		HideSolutionNode = FALSE
	EndGlobalSection
	GlobalSection(ExtensibilityGlobals) = postSolution
		SolutionGuid = {96F79886-175A-4C68-A4FF-A610EBC9F566}
	EndGlobalSection
EndGlobal
